<?xml version="1.0" encoding="utf-8"?>
<Project ToolsVersion="4.0" xmlns="http://schemas.microsoft.com/developer/msbuild/2003">
  <ItemGroup>
    <Filter Include="소스 파일">
      <UniqueIdentifier>{4FC737F1-C7A5-4376-A066-2A32D752A2FF}</UniqueIdentifier>
      <Extensions>cpp;c;cc;cxx;def;odl;idl;hpj;bat;asm;asmx</Extensions>
    </Filter>
    <Filter Include="헤더 파일">
      <UniqueIdentifier>{93995380-89BD-4b04-88EB-625FBE52EBFB}</UniqueIdentifier>
      <Extensions>h;hpp;hxx;hm;inl;inc;xsd</Extensions>
    </Filter>
    <Filter Include="리소스 파일">
      <UniqueIdentifier>{67DA6AB6-F800-4c08-8B7A-83BB121AAD01}</UniqueIdentifier>
      <Extensions>rc;ico;cur;bmp;dlg;rc2;rct;bin;rgs;gif;jpg;jpeg;jpe;resx;tiff;tif;png;wav;mfcribbon-ms</Extensions>
    </Filter>
    <Filter Include="소스 파일\Manager">
      <UniqueIdentifier>{ccf132cd-5294-42cf-9bb1-2a519ded970e}</UniqueIdentifier>
    </Filter>
    <Filter Include="헤더 파일\Manager">
      <UniqueIdentifier>{f41e3da8-ff69-435f-b55b-5f53fd3002b5}</UniqueIdentifier>
    </Filter>
    <Filter Include="소스 파일\Application">
      <UniqueIdentifier>{2c7136b8-ead3-4078-99ff-b0e9cf4531ee}</UniqueIdentifier>
    </Filter>
    <Filter Include="헤더 파일\Application">
      <UniqueIdentifier>{0024d92b-007c-4532-9b8b-da8250bd74cb}</UniqueIdentifier>
    </Filter>
    <Filter Include="소스 파일\Scene">
      <UniqueIdentifier>{33be8201-f746-4ce2-b934-3e5153c2e9b2}</UniqueIdentifier>
    </Filter>
    <Filter Include="헤더 파일\Scene">
      <UniqueIdentifier>{d0ad44eb-fc76-4f1c-967b-60b249c5706e}</UniqueIdentifier>
    </Filter>
    <Filter Include="소스 파일\Method">
      <UniqueIdentifier>{15059cd2-4bdc-48d7-b4e0-8ccf47cbf4f8}</UniqueIdentifier>
    </Filter>
    <Filter Include="헤더 파일\Method">
      <UniqueIdentifier>{ea41eb3f-428e-4f1e-ba5f-3080a3ed7de2}</UniqueIdentifier>
    </Filter>
    <Filter Include="소스 파일\Object">
      <UniqueIdentifier>{4e6b1c87-da80-492b-ae75-1916fd0bba90}</UniqueIdentifier>
    </Filter>
    <Filter Include="헤더 파일\Object">
      <UniqueIdentifier>{c79714e3-1048-4755-b5a7-64c273a4c51f}</UniqueIdentifier>
    </Filter>
  </ItemGroup>
  <ItemGroup>
    <ClCompile Include="cGame.cpp">
      <Filter>소스 파일</Filter>
    </ClCompile>
    <ClCompile Include="cFontManager.cpp">
      <Filter>소스 파일\Manager</Filter>
    </ClCompile>
    <ClCompile Include="cInputManager.cpp">
      <Filter>소스 파일\Manager</Filter>
    </ClCompile>
    <ClCompile Include="cMain.cpp">
      <Filter>소스 파일\Application</Filter>
    </ClCompile>
    <ClCompile Include="cWindow.cpp">
      <Filter>소스 파일\Application</Filter>
    </ClCompile>
    <ClCompile Include="cFont.cpp">
      <Filter>소스 파일\Method</Filter>
    </ClCompile>
    <ClCompile Include="cTexture.cpp">
      <Filter>소스 파일\Method</Filter>
    </ClCompile>
    <ClCompile Include="cTextureManager.cpp">
      <Filter>소스 파일\Manager</Filter>
    </ClCompile>
    <ClCompile Include="cGameIntro.cpp">
      <Filter>소스 파일\Scene</Filter>
    </ClCompile>
    <ClCompile Include="cGameTutorial.cpp">
      <Filter>소스 파일\Scene</Filter>
    </ClCompile>
    <ClCompile Include="cGameHowtoPlay.cpp">
      <Filter>소스 파일\Scene</Filter>
    </ClCompile>
    <ClCompile Include="cGamePlay.cpp">
      <Filter>소스 파일\Scene</Filter>
    </ClCompile>
    <ClCompile Include="cTile.cpp">
      <Filter>소스 파일\Object</Filter>
    </ClCompile>
    <ClCompile Include="cCharacter.cpp">
      <Filter>소스 파일\Object</Filter>
    </ClCompile>
    <ClCompile Include="cWorld.cpp">
      <Filter>소스 파일</Filter>
    </ClCompile>
    <ClCompile Include="cFruit.cpp">
      <Filter>소스 파일\Object</Filter>
    </ClCompile>
    <ClCompile Include="cFlag.cpp">
      <Filter>소스 파일\Object</Filter>
    </ClCompile>
    <ClCompile Include="cSkil.cpp">
      <Filter>소스 파일\Object</Filter>
    </ClCompile>
    <ClCompile Include="cGameKinect.cpp">
      <Filter>소스 파일\Scene</Filter>
    </ClCompile>
    <ClCompile Include="cSoundManager.cpp">
      <Filter>소스 파일\Manager</Filter>
    </ClCompile>
    <ClCompile Include="cIXAudio2.cpp">
      <Filter>소스 파일\Method</Filter>
    </ClCompile>
    <ClCompile Include="WaveFile.cpp">
      <Filter>소스 파일\Method</Filter>
    </ClCompile>
    <ClCompile Include="cSourceVoice.cpp">
      <Filter>소스 파일\Method</Filter>
    </ClCompile>
    <ClCompile Include="cGameEnding.cpp">
      <Filter>소스 파일\Scene</Filter>
    </ClCompile>
  </ItemGroup>
  <ItemGroup>
    <ClInclude Include="cGame.h">
      <Filter>헤더 파일</Filter>
    </ClInclude>
    <ClInclude Include="cFontManager.h">
      <Filter>헤더 파일\Manager</Filter>
    </ClInclude>
    <ClInclude Include="cInputManager.h">
      <Filter>헤더 파일\Manager</Filter>
    </ClInclude>
    <ClInclude Include="cTextureManager.h">
      <Filter>헤더 파일\Manager</Filter>
    </ClInclude>
    <ClInclude Include="cMain.h">
      <Filter>헤더 파일\Application</Filter>
    </ClInclude>
    <ClInclude Include="cWindow.h">
      <Filter>헤더 파일\Application</Filter>
    </ClInclude>
    <ClInclude Include="cFont.h">
      <Filter>헤더 파일\Method</Filter>
    </ClInclude>
    <ClInclude Include="cTexture.h">
      <Filter>헤더 파일\Method</Filter>
    </ClInclude>
    <ClInclude Include="cGameIntro.h">
      <Filter>헤더 파일\Scene</Filter>
    </ClInclude>
    <ClInclude Include="cGameTutorial.h">
      <Filter>헤더 파일\Scene</Filter>
    </ClInclude>
    <ClInclude Include="cGamePlay.h">
      <Filter>헤더 파일\Scene</Filter>
    </ClInclude>
    <ClInclude Include="cGameHowtoPlay.h">
      <Filter>헤더 파일\Scene</Filter>
    </ClInclude>
    <ClInclude Include="cDefine.h">
      <Filter>헤더 파일</Filter>
    </ClInclude>
    <ClInclude Include="cObject.h">
      <Filter>헤더 파일\Object</Filter>
    </ClInclude>
    <ClInclude Include="cTile.h">
      <Filter>헤더 파일\Object</Filter>
    </ClInclude>
    <ClInclude Include="cCharacter.h">
      <Filter>헤더 파일\Object</Filter>
    </ClInclude>
    <ClInclude Include="cWorld.h">
      <Filter>헤더 파일</Filter>
    </ClInclude>
    <ClInclude Include="cItem.h">
      <Filter>헤더 파일\Object</Filter>
    </ClInclude>
    <ClInclude Include="cFlag.h">
      <Filter>헤더 파일\Object</Filter>
    </ClInclude>
    <ClInclude Include="cFruit.h">
      <Filter>헤더 파일\Object</Filter>
    </ClInclude>
    <ClInclude Include="cSkil.h">
      <Filter>헤더 파일\Object</Filter>
    </ClInclude>
    <ClInclude Include="cGameKinect.h">
      <Filter>헤더 파일\Scene</Filter>
    </ClInclude>
    <ClInclude Include="cSoundManager.h">
      <Filter>헤더 파일\Manager</Filter>
    </ClInclude>
    <ClInclude Include="cIXAudio2.h">
      <Filter>헤더 파일\Method</Filter>
    </ClInclude>
    <ClInclude Include="WaveFile.h">
      <Filter>헤더 파일\Method</Filter>
    </ClInclude>
    <ClInclude Include="singleton.h">
      <Filter>헤더 파일\Method</Filter>
    </ClInclude>
    <ClInclude Include="cSourceVoice.h">
      <Filter>헤더 파일\Method</Filter>
    </ClInclude>
    <ClInclude Include="cGameEnding.h">
      <Filter>헤더 파일\Scene</Filter>
    </ClInclude>
  </ItemGroup>
</Project>